
Microsoft Visual Studio Solution File, Format Version 12.00
# Visual Studio Version 17
VisualStudioVersion = 17.2.32526.322
MinimumVisualStudioVersion = 10.0.40219.1
Project("{9A19103F-16F7-4668-BE54-9A1E7A4F7556}") = "UpdaterServer", "UpdaterServer\UpdaterServer.csproj", "{8E5946E8-1E79-40B2-8B25-B67B2D5AC4C0}"
EndProject
Project("{FAE04EC0-301F-11D3-BF4B-00C04F79EFBC}") = "PushFile.Messages", "PushFile.Messages\PushFile.Messages.csproj", "{7C5FD384-0489-4E24-9B6C-F1EE97858D5A}"
EndProject
Global
	GlobalSection(SolutionConfigurationPlatforms) = preSolution
		Debug|Any CPU = Debug|Any CPU
		Release|Any CPU = Release|Any CPU
	EndGlobalSection
	GlobalSection(ProjectConfigurationPlatforms) = postSolution
		{8E5946E8-1E79-40B2-8B25-B67B2D5AC4C0}.Debug|Any CPU.ActiveCfg = Debug|Any CPU
		{8E5946E8-1E79-40B2-8B25-B67B2D5AC4C0}.Debug|Any CPU.Build.0 = Debug|Any CPU
		{8E5946E8-1E79-40B2-8B25-B67B2D5AC4C0}.Release|Any CPU.ActiveCfg = Release|Any CPU
		{8E5946E8-1E79-40B2-8B25-B67B2D5AC4C0}.Release|Any CPU.Build.0 = Release|Any CPU
		{7C5FD384-0489-4E24-9B6C-F1EE97858D5A}.Debug|Any CPU.ActiveCfg = Debug|Any CPU
		{7C5FD384-0489-4E24-9B6C-F1EE97858D5A}.Debug|Any CPU.Build.0 = Debug|Any CPU
		{7C5FD384-0489-4E24-9B6C-F1EE97858D5A}.Release|Any CPU.ActiveCfg = Release|Any CPU
		{7C5FD384-0489-4E24-9B6C-F1EE97858D5A}.Release|Any CPU.Build.0 = Release|Any CPU
	EndGlobalSection
	GlobalSection(SolutionProperties) = preSolution
		HideSolutionNode = FALSE
	EndGlobalSection
	GlobalSection(ExtensibilityGlobals) = postSolution
		SolutionGuid = {7120EF96-E238-4996-8E37-FF705E5DDF43}
	EndGlobalSection
EndGlobal
