
Microsoft Visual Studio Solution File, Format Version 12.00
# Visual Studio Version 17
VisualStudioVersion = 17.2.32526.322
MinimumVisualStudioVersion = 10.0.40219.1
Project("{9A19103F-16F7-4668-BE54-9A1E7A4F7556}") = "UpdaterServer", "UpdaterServer\UpdaterServer.csproj", "{8E5946E8-1E79-40B2-8B25-B67B2D5AC4C0}"
EndProject
Project("{FAE04EC0-301F-11D3-BF4B-00C04F79EFBC}") = "Domain", "Domain\Domain.csproj", "{1847F5E1-D935-415B-AEFA-B3837EF00004}"
EndProject
Project("{FAE04EC0-301F-11D3-BF4B-00C04F79EFBC}") = "Application", "Application\Application.csproj", "{AD8025F1-2447-486F-8E12-30764036B401}"
EndProject
Project("{FAE04EC0-301F-11D3-BF4B-00C04F79EFBC}") = "Infrastructure", "Infrastructure\Infrastructure.csproj", "{8365EEA6-32F9-4D43-8FE3-D9A367D7D847}"
EndProject
Global
	GlobalSection(SolutionConfigurationPlatforms) = preSolution
		Debug|Any CPU = Debug|Any CPU
		Release|Any CPU = Release|Any CPU
	EndGlobalSection
	GlobalSection(ProjectConfigurationPlatforms) = postSolution
		{8E5946E8-1E79-40B2-8B25-B67B2D5AC4C0}.Debug|Any CPU.ActiveCfg = Debug|Any CPU
		{8E5946E8-1E79-40B2-8B25-B67B2D5AC4C0}.Debug|Any CPU.Build.0 = Debug|Any CPU
		{8E5946E8-1E79-40B2-8B25-B67B2D5AC4C0}.Release|Any CPU.ActiveCfg = Release|Any CPU
		{8E5946E8-1E79-40B2-8B25-B67B2D5AC4C0}.Release|Any CPU.Build.0 = Release|Any CPU
		{1847F5E1-D935-415B-AEFA-B3837EF00004}.Debug|Any CPU.ActiveCfg = Debug|Any CPU
		{1847F5E1-D935-415B-AEFA-B3837EF00004}.Debug|Any CPU.Build.0 = Debug|Any CPU
		{1847F5E1-D935-415B-AEFA-B3837EF00004}.Release|Any CPU.ActiveCfg = Release|Any CPU
		{1847F5E1-D935-415B-AEFA-B3837EF00004}.Release|Any CPU.Build.0 = Release|Any CPU
		{AD8025F1-2447-486F-8E12-30764036B401}.Debug|Any CPU.ActiveCfg = Debug|Any CPU
		{AD8025F1-2447-486F-8E12-30764036B401}.Debug|Any CPU.Build.0 = Debug|Any CPU
		{AD8025F1-2447-486F-8E12-30764036B401}.Release|Any CPU.ActiveCfg = Release|Any CPU
		{AD8025F1-2447-486F-8E12-30764036B401}.Release|Any CPU.Build.0 = Release|Any CPU
		{8365EEA6-32F9-4D43-8FE3-D9A367D7D847}.Debug|Any CPU.ActiveCfg = Debug|Any CPU
		{8365EEA6-32F9-4D43-8FE3-D9A367D7D847}.Debug|Any CPU.Build.0 = Debug|Any CPU
		{8365EEA6-32F9-4D43-8FE3-D9A367D7D847}.Release|Any CPU.ActiveCfg = Release|Any CPU
		{8365EEA6-32F9-4D43-8FE3-D9A367D7D847}.Release|Any CPU.Build.0 = Release|Any CPU
	EndGlobalSection
	GlobalSection(SolutionProperties) = preSolution
		HideSolutionNode = FALSE
	EndGlobalSection
	GlobalSection(ExtensibilityGlobals) = postSolution
		SolutionGuid = {7120EF96-E238-4996-8E37-FF705E5DDF43}
	EndGlobalSection
EndGlobal
